
Microsoft Visual Studio Solution File, Format Version 12.00
# Visual Studio Version 17
VisualStudioVersion = 17.14.36401.2 d17.14
MinimumVisualStudioVersion = 10.0.40219.1
Project("{FAE04EC0-301F-11D3-BF4B-00C04F79EFBC}") = "Examination System", "Examination System.csproj", "{9A34FF09-53D5-4C5A-966C-39BD794CD5B1}"
EndProject
Global
	GlobalSection(SolutionConfigurationPlatforms) = preSolution
		Debug|Any CPU = Debug|Any CPU
		Release|Any CPU = Release|Any CPU
	EndGlobalSection
	GlobalSection(ProjectConfigurationPlatforms) = postSolution
		{9A34FF09-53D5-4C5A-966C-39BD794CD5B1}.Debug|Any CPU.ActiveCfg = Debug|Any CPU
		{9A34FF09-53D5-4C5A-966C-39BD794CD5B1}.Debug|Any CPU.Build.0 = Debug|Any CPU
		{9A34FF09-53D5-4C5A-966C-39BD794CD5B1}.Release|Any CPU.ActiveCfg = Release|Any CPU
		{9A34FF09-53D5-4C5A-966C-39BD794CD5B1}.Release|Any CPU.Build.0 = Release|Any CPU
	EndGlobalSection
	GlobalSection(SolutionProperties) = preSolution
		HideSolutionNode = FALSE
	EndGlobalSection
	GlobalSection(ExtensibilityGlobals) = postSolution
		SolutionGuid = {F1A450E2-B15F-4296-8B5A-94C6C39B53D9}
	EndGlobalSection
EndGlobal
